
Microsoft Visual Studio Solution File, Format Version 12.00
# Visual Studio 2012
Project("{FAE04EC0-301F-11D3-BF4B-00C04F79EFBC}") = "Mono.Security.Providers.NewMonoSource", "..\Mono.Security.Providers\NewMonoSource\Mono.Security.Providers.NewMonoSource.csproj", "{4A392AE3-7D5C-463E-AECF-AEEC3AD439CB}"
EndProject
Project("{FAE04EC0-301F-11D3-BF4B-00C04F79EFBC}") = "Mono.Security.NewTls", "Mono.Security.NewTls.csproj", "{C577448D-707B-4DDD-83DC-9CB758FC6DE5}"
EndProject
Project("{FAE04EC0-301F-11D3-BF4B-00C04F79EFBC}") = "Mono.Security-martin", "..\Mono.Security\Mono.Security-martin.csproj", "{D68D4FED-CA32-4800-A628-58BAE485562C}"
EndProject
Project("{FAE04EC0-301F-11D3-BF4B-00C04F79EFBC}") = "MartinsPlayground", "..\Mono.Security\MartinsPlayground\MartinsPlayground.csproj", "{E61224FC-A57E-4A7A-9233-36A56985144D}"
EndProject
Project("{FAE04EC0-301F-11D3-BF4B-00C04F79EFBC}") = "Mono.Security.Instrumentation.Framework", "..\Mono.Security\MartinsPlayground\Instrumentation\Framework\Mono.Security.Instrumentation.Framework.csproj", "{43272ABC-8798-4B6F-A8CA-D7F082DBB440}"
EndProject
Project("{FAE04EC0-301F-11D3-BF4B-00C04F79EFBC}") = "Mono.Security.Instrumentation.Tests", "..\Mono.Security\MartinsPlayground\Instrumentation\Tests\Mono.Security.Instrumentation.Tests.csproj", "{93CE4A8C-9111-4211-9BE1-314134802473}"
EndProject
Project("{FAE04EC0-301F-11D3-BF4B-00C04F79EFBC}") = "nunit.framework.dll", "..\..\nunit26\src\NUnitFramework\framework\nunit.framework.dll.csproj", "{83DD7E12-A705-4DBA-9D71-09C8973D9382}"
EndProject
Project("{FAE04EC0-301F-11D3-BF4B-00C04F79EFBC}") = "nunit.core.dll", "..\..\nunit26\src\NUnitCore\core\nunit.core.dll.csproj", "{EBD43A7F-AFCA-4281-BB53-5CDD91F966A3}"
EndProject
Project("{FAE04EC0-301F-11D3-BF4B-00C04F79EFBC}") = "nunit.core.interfaces.dll", "..\..\nunit26\src\NUnitCore\interfaces\nunit.core.interfaces.dll.csproj", "{435428F8-5995-4CE4-8022-93D595A8CC0F}"
EndProject
Project("{FAE04EC0-301F-11D3-BF4B-00C04F79EFBC}") = "nunit-console", "..\..\nunit26\src\ConsoleRunner\nunit-console\nunit-console.csproj", "{9367EC89-6A38-42BA-9607-0DC288E4BC3A}"
EndProject
Project("{FAE04EC0-301F-11D3-BF4B-00C04F79EFBC}") = "nunit.util.dll", "..\..\nunit26\src\ClientUtilities\util\nunit.util.dll.csproj", "{61CE9CE5-943E-44D4-A381-814DC1406767}"
EndProject
Project("{FAE04EC0-301F-11D3-BF4B-00C04F79EFBC}") = "Mono.Security.Instrumentation.Console", "..\Mono.Security\MartinsPlayground\Instrumentation\Console\Mono.Security.Instrumentation.Console.csproj", "{C3E744E1-2FE5-4D62-9BB0-FE0BC58B3A73}"
EndProject
Global
	GlobalSection(SolutionConfigurationPlatforms) = preSolution
		Debug|Any CPU = Debug|Any CPU
		Release|Any CPU = Release|Any CPU
		Test|Any CPU = Test|Any CPU
		Debug|x86 = Debug|x86
		Release|x86 = Release|x86
	EndGlobalSection
	GlobalSection(ProjectConfigurationPlatforms) = postSolution
		{43272ABC-8798-4B6F-A8CA-D7F082DBB440}.Debug|Any CPU.ActiveCfg = Debug|Any CPU
		{43272ABC-8798-4B6F-A8CA-D7F082DBB440}.Debug|Any CPU.Build.0 = Debug|Any CPU
		{43272ABC-8798-4B6F-A8CA-D7F082DBB440}.Debug|x86.ActiveCfg = Debug|Any CPU
		{43272ABC-8798-4B6F-A8CA-D7F082DBB440}.Debug|x86.Build.0 = Debug|Any CPU
		{43272ABC-8798-4B6F-A8CA-D7F082DBB440}.Release|Any CPU.ActiveCfg = Release|Any CPU
		{43272ABC-8798-4B6F-A8CA-D7F082DBB440}.Release|Any CPU.Build.0 = Release|Any CPU
		{43272ABC-8798-4B6F-A8CA-D7F082DBB440}.Release|x86.ActiveCfg = Release|Any CPU
		{43272ABC-8798-4B6F-A8CA-D7F082DBB440}.Release|x86.Build.0 = Release|Any CPU
		{43272ABC-8798-4B6F-A8CA-D7F082DBB440}.Test|Any CPU.ActiveCfg = Test|Any CPU
		{43272ABC-8798-4B6F-A8CA-D7F082DBB440}.Test|Any CPU.Build.0 = Test|Any CPU
		{435428F8-5995-4CE4-8022-93D595A8CC0F}.Debug|Any CPU.ActiveCfg = Debug|Any CPU
		{435428F8-5995-4CE4-8022-93D595A8CC0F}.Debug|Any CPU.Build.0 = Debug|Any CPU
		{435428F8-5995-4CE4-8022-93D595A8CC0F}.Debug|x86.ActiveCfg = Debug|Any CPU
		{435428F8-5995-4CE4-8022-93D595A8CC0F}.Debug|x86.Build.0 = Debug|Any CPU
		{4A392AE3-7D5C-463E-AECF-AEEC3AD439CB}.Debug|Any CPU.ActiveCfg = Debug|Any CPU
		{4A392AE3-7D5C-463E-AECF-AEEC3AD439CB}.Debug|Any CPU.Build.0 = Debug|Any CPU
		{4A392AE3-7D5C-463E-AECF-AEEC3AD439CB}.Debug|x86.ActiveCfg = Debug|Any CPU
		{4A392AE3-7D5C-463E-AECF-AEEC3AD439CB}.Debug|x86.Build.0 = Debug|Any CPU
		{4A392AE3-7D5C-463E-AECF-AEEC3AD439CB}.Release|Any CPU.ActiveCfg = Release|Any CPU
		{4A392AE3-7D5C-463E-AECF-AEEC3AD439CB}.Release|Any CPU.Build.0 = Release|Any CPU
		{4A392AE3-7D5C-463E-AECF-AEEC3AD439CB}.Release|x86.ActiveCfg = Release|Any CPU
		{4A392AE3-7D5C-463E-AECF-AEEC3AD439CB}.Release|x86.Build.0 = Release|Any CPU
		{4A392AE3-7D5C-463E-AECF-AEEC3AD439CB}.Test|Any CPU.ActiveCfg = Debug|Any CPU
		{4A392AE3-7D5C-463E-AECF-AEEC3AD439CB}.Test|Any CPU.Build.0 = Debug|Any CPU
		{61CE9CE5-943E-44D4-A381-814DC1406767}.Debug|Any CPU.ActiveCfg = Debug|Any CPU
		{61CE9CE5-943E-44D4-A381-814DC1406767}.Debug|Any CPU.Build.0 = Debug|Any CPU
		{61CE9CE5-943E-44D4-A381-814DC1406767}.Debug|x86.ActiveCfg = Debug|Any CPU
		{61CE9CE5-943E-44D4-A381-814DC1406767}.Debug|x86.Build.0 = Debug|Any CPU
		{83DD7E12-A705-4DBA-9D71-09C8973D9382}.Debug|Any CPU.ActiveCfg = Debug|Any CPU
		{83DD7E12-A705-4DBA-9D71-09C8973D9382}.Debug|Any CPU.Build.0 = Debug|Any CPU
		{83DD7E12-A705-4DBA-9D71-09C8973D9382}.Debug|x86.ActiveCfg = Debug|Any CPU
		{83DD7E12-A705-4DBA-9D71-09C8973D9382}.Debug|x86.Build.0 = Debug|Any CPU
		{9367EC89-6A38-42BA-9607-0DC288E4BC3A}.Debug|Any CPU.ActiveCfg = Debug|Any CPU
		{9367EC89-6A38-42BA-9607-0DC288E4BC3A}.Debug|Any CPU.Build.0 = Debug|Any CPU
		{9367EC89-6A38-42BA-9607-0DC288E4BC3A}.Debug|x86.ActiveCfg = Debug|Any CPU
		{9367EC89-6A38-42BA-9607-0DC288E4BC3A}.Debug|x86.Build.0 = Debug|Any CPU
		{93CE4A8C-9111-4211-9BE1-314134802473}.Debug|Any CPU.ActiveCfg = Debug|Any CPU
		{93CE4A8C-9111-4211-9BE1-314134802473}.Debug|Any CPU.Build.0 = Debug|Any CPU
		{93CE4A8C-9111-4211-9BE1-314134802473}.Debug|x86.ActiveCfg = Debug|Any CPU
		{93CE4A8C-9111-4211-9BE1-314134802473}.Debug|x86.Build.0 = Debug|Any CPU
		{93CE4A8C-9111-4211-9BE1-314134802473}.Release|Any CPU.ActiveCfg = Release|Any CPU
		{93CE4A8C-9111-4211-9BE1-314134802473}.Release|Any CPU.Build.0 = Release|Any CPU
		{93CE4A8C-9111-4211-9BE1-314134802473}.Release|x86.ActiveCfg = Release|Any CPU
		{93CE4A8C-9111-4211-9BE1-314134802473}.Release|x86.Build.0 = Release|Any CPU
		{93CE4A8C-9111-4211-9BE1-314134802473}.Test|Any CPU.ActiveCfg = Test|Any CPU
		{93CE4A8C-9111-4211-9BE1-314134802473}.Test|Any CPU.Build.0 = Test|Any CPU
		{C3E744E1-2FE5-4D62-9BB0-FE0BC58B3A73}.Debug|Any CPU.ActiveCfg = Test|Any CPU
		{C3E744E1-2FE5-4D62-9BB0-FE0BC58B3A73}.Debug|Any CPU.Build.0 = Test|Any CPU
		{C3E744E1-2FE5-4D62-9BB0-FE0BC58B3A73}.Debug|x86.ActiveCfg = Debug|x86
		{C3E744E1-2FE5-4D62-9BB0-FE0BC58B3A73}.Debug|x86.Build.0 = Debug|x86
		{C3E744E1-2FE5-4D62-9BB0-FE0BC58B3A73}.Release|Any CPU.ActiveCfg = Release|x86
		{C3E744E1-2FE5-4D62-9BB0-FE0BC58B3A73}.Release|Any CPU.Build.0 = Release|x86
		{C3E744E1-2FE5-4D62-9BB0-FE0BC58B3A73}.Release|x86.ActiveCfg = Release|x86
		{C3E744E1-2FE5-4D62-9BB0-FE0BC58B3A73}.Release|x86.Build.0 = Release|x86
		{C3E744E1-2FE5-4D62-9BB0-FE0BC58B3A73}.Test|Any CPU.ActiveCfg = Test|Any CPU
		{C3E744E1-2FE5-4D62-9BB0-FE0BC58B3A73}.Test|Any CPU.Build.0 = Test|Any CPU
		{C577448D-707B-4DDD-83DC-9CB758FC6DE5}.Debug|Any CPU.ActiveCfg = Debug|Any CPU
		{C577448D-707B-4DDD-83DC-9CB758FC6DE5}.Debug|Any CPU.Build.0 = Debug|Any CPU
		{C577448D-707B-4DDD-83DC-9CB758FC6DE5}.Debug|x86.ActiveCfg = Debug|Any CPU
		{C577448D-707B-4DDD-83DC-9CB758FC6DE5}.Debug|x86.Build.0 = Debug|Any CPU
		{C577448D-707B-4DDD-83DC-9CB758FC6DE5}.Release|Any CPU.ActiveCfg = Release|Any CPU
		{C577448D-707B-4DDD-83DC-9CB758FC6DE5}.Release|Any CPU.Build.0 = Release|Any CPU
		{C577448D-707B-4DDD-83DC-9CB758FC6DE5}.Release|x86.ActiveCfg = Release|Any CPU
		{C577448D-707B-4DDD-83DC-9CB758FC6DE5}.Release|x86.Build.0 = Release|Any CPU
		{C577448D-707B-4DDD-83DC-9CB758FC6DE5}.Test|Any CPU.ActiveCfg = Debug|Any CPU
		{C577448D-707B-4DDD-83DC-9CB758FC6DE5}.Test|Any CPU.Build.0 = Debug|Any CPU
		{D68D4FED-CA32-4800-A628-58BAE485562C}.Debug|Any CPU.ActiveCfg = Debug|Any CPU
		{D68D4FED-CA32-4800-A628-58BAE485562C}.Debug|Any CPU.Build.0 = Debug|Any CPU
		{D68D4FED-CA32-4800-A628-58BAE485562C}.Debug|x86.ActiveCfg = Debug|Any CPU
		{D68D4FED-CA32-4800-A628-58BAE485562C}.Debug|x86.Build.0 = Debug|Any CPU
		{D68D4FED-CA32-4800-A628-58BAE485562C}.Release|Any CPU.ActiveCfg = Release|Any CPU
		{D68D4FED-CA32-4800-A628-58BAE485562C}.Release|Any CPU.Build.0 = Release|Any CPU
		{D68D4FED-CA32-4800-A628-58BAE485562C}.Release|x86.ActiveCfg = Release|Any CPU
		{D68D4FED-CA32-4800-A628-58BAE485562C}.Release|x86.Build.0 = Release|Any CPU
		{D68D4FED-CA32-4800-A628-58BAE485562C}.Test|Any CPU.ActiveCfg = Test|Any CPU
		{D68D4FED-CA32-4800-A628-58BAE485562C}.Test|Any CPU.Build.0 = Test|Any CPU
		{E61224FC-A57E-4A7A-9233-36A56985144D}.Debug|Any CPU.ActiveCfg = Debug|Any CPU
		{E61224FC-A57E-4A7A-9233-36A56985144D}.Debug|Any CPU.Build.0 = Debug|Any CPU
		{E61224FC-A57E-4A7A-9233-36A56985144D}.Debug|x86.ActiveCfg = Debug|x86
		{E61224FC-A57E-4A7A-9233-36A56985144D}.Debug|x86.Build.0 = Debug|x86
		{E61224FC-A57E-4A7A-9233-36A56985144D}.Release|Any CPU.ActiveCfg = Release|Any CPU
		{E61224FC-A57E-4A7A-9233-36A56985144D}.Release|Any CPU.Build.0 = Release|Any CPU
		{E61224FC-A57E-4A7A-9233-36A56985144D}.Release|x86.ActiveCfg = Release|x86
		{E61224FC-A57E-4A7A-9233-36A56985144D}.Release|x86.Build.0 = Release|x86
		{E61224FC-A57E-4A7A-9233-36A56985144D}.Test|Any CPU.ActiveCfg = Test|Any CPU
		{E61224FC-A57E-4A7A-9233-36A56985144D}.Test|Any CPU.Build.0 = Test|Any CPU
		{EBD43A7F-AFCA-4281-BB53-5CDD91F966A3}.Debug|Any CPU.ActiveCfg = Debug|Any CPU
		{EBD43A7F-AFCA-4281-BB53-5CDD91F966A3}.Debug|Any CPU.Build.0 = Debug|Any CPU
		{EBD43A7F-AFCA-4281-BB53-5CDD91F966A3}.Debug|x86.ActiveCfg = Debug|Any CPU
		{EBD43A7F-AFCA-4281-BB53-5CDD91F966A3}.Debug|x86.Build.0 = Debug|Any CPU
	EndGlobalSection
EndGlobal
